
Microsoft Visual Studio Solution File, Format Version 12.00
# Visual Studio Version 16
VisualStudioVersion = 16.0.30309.148
MinimumVisualStudioVersion = 10.0.40219.1
Project("{9A19103F-16F7-4668-BE54-9A1E7A4F7556}") = "CalculatorTests", "CalculatorTests\CalculatorTests.csproj", "{F4BC6136-A863-4177-B3BF-94813AE8F5D4}"
EndProject
Project("{9A19103F-16F7-4668-BE54-9A1E7A4F7556}") = "CalculatorApp", "CalculatorApp\CalculatorApp.csproj", "{91E0BD07-FEDE-495A-B6D5-A42C7ACD21D3}"
EndProject
Project("{9A19103F-16F7-4668-BE54-9A1E7A4F7556}") = "CalculatorWPF", "CalculatorWPF\CalculatorWPF.csproj", "{B5BFB34D-DDD5-4A53-BA74-3848C668D089}"
EndProject
Global
	GlobalSection(SolutionConfigurationPlatforms) = preSolution
		Debug|Any CPU = Debug|Any CPU
		Release|Any CPU = Release|Any CPU
	EndGlobalSection
	GlobalSection(ProjectConfigurationPlatforms) = postSolution
		{F4BC6136-A863-4177-B3BF-94813AE8F5D4}.Debug|Any CPU.ActiveCfg = Debug|Any CPU
		{F4BC6136-A863-4177-B3BF-94813AE8F5D4}.Debug|Any CPU.Build.0 = Debug|Any CPU
		{F4BC6136-A863-4177-B3BF-94813AE8F5D4}.Release|Any CPU.ActiveCfg = Release|Any CPU
		{F4BC6136-A863-4177-B3BF-94813AE8F5D4}.Release|Any CPU.Build.0 = Release|Any CPU
		{91E0BD07-FEDE-495A-B6D5-A42C7ACD21D3}.Debug|Any CPU.ActiveCfg = Debug|Any CPU
		{91E0BD07-FEDE-495A-B6D5-A42C7ACD21D3}.Debug|Any CPU.Build.0 = Debug|Any CPU
		{91E0BD07-FEDE-495A-B6D5-A42C7ACD21D3}.Release|Any CPU.ActiveCfg = Release|Any CPU
		{91E0BD07-FEDE-495A-B6D5-A42C7ACD21D3}.Release|Any CPU.Build.0 = Release|Any CPU
		{B5BFB34D-DDD5-4A53-BA74-3848C668D089}.Debug|Any CPU.ActiveCfg = Debug|Any CPU
		{B5BFB34D-DDD5-4A53-BA74-3848C668D089}.Debug|Any CPU.Build.0 = Debug|Any CPU
		{B5BFB34D-DDD5-4A53-BA74-3848C668D089}.Release|Any CPU.ActiveCfg = Release|Any CPU
		{B5BFB34D-DDD5-4A53-BA74-3848C668D089}.Release|Any CPU.Build.0 = Release|Any CPU
	EndGlobalSection
	GlobalSection(SolutionProperties) = preSolution
		HideSolutionNode = FALSE
	EndGlobalSection
	GlobalSection(ExtensibilityGlobals) = postSolution
		SolutionGuid = {88535226-F9D6-41A6-835A-65537C932A76}
	EndGlobalSection
EndGlobal
